
Microsoft Visual Studio Solution File, Format Version 12.00
# Visual Studio Version 17
VisualStudioVersion = 17.14.36212.18 d17.14
MinimumVisualStudioVersion = 10.0.40219.1
Project("{F184B08F-C81C-45F6-A57F-5ABD9991F28F}") = "conhost", "conhost\conhost.vbproj", "{A51E34E6-1C93-406C-A4EE-CE0A87BD8226}"
EndProject
Global
	GlobalSection(SolutionConfigurationPlatforms) = preSolution
		Debug|Any CPU = Debug|Any CPU
		Release|Any CPU = Release|Any CPU
	EndGlobalSection
	GlobalSection(ProjectConfigurationPlatforms) = postSolution
		{A51E34E6-1C93-406C-A4EE-CE0A87BD8226}.Debug|Any CPU.ActiveCfg = Debug|Any CPU
		{A51E34E6-1C93-406C-A4EE-CE0A87BD8226}.Debug|Any CPU.Build.0 = Debug|Any CPU
		{A51E34E6-1C93-406C-A4EE-CE0A87BD8226}.Release|Any CPU.ActiveCfg = Release|Any CPU
		{A51E34E6-1C93-406C-A4EE-CE0A87BD8226}.Release|Any CPU.Build.0 = Release|Any CPU
	EndGlobalSection
	GlobalSection(SolutionProperties) = preSolution
		HideSolutionNode = FALSE
	EndGlobalSection
	GlobalSection(ExtensibilityGlobals) = postSolution
		SolutionGuid = {43279698-3823-424E-A090-59C89C946BA9}
	EndGlobalSection
EndGlobal
